# This file was autogenerated by Stack.
# You should not edit this file by hand.
# For more information, please see the documentation at:
#   https://docs.haskellstack.org/en/stable/lock_files

packages:
- completed:
    hackage: simple-smt-0.8@sha256:32bc9dc948671f141d023ae8f0c58356ec24ce69528ec6bb705dfb80f5ceec6d,734
    pantry-tree:
      size: 253
      sha256: 9d808745137f37f3fd2731d2c8a9fd2e49ee22349f4628165309088b43f62850
  original:
    hackage: simple-smt-0.8
snapshots:
- completed:
    size: 504336
    url: https://raw.githubusercontent.com/commercialhaskell/stackage-snapshots/master/lts/12/12.yaml
    sha256: 11db5c37144d13fe6b56cd511050b4e6ffe988f6edb8e439c2432fc9fcdf50c3
  original: lts-12.12
