# This file was autogenerated by Stack.
# You should not edit this file by hand.
# For more information, please see the documentation at:
#   https://docs.haskellstack.org/en/stable/lock_files

packages:
- completed:
    hackage: simple-smt-0.8@sha256:32bc9dc948671f141d023ae8f0c58356ec24ce69528ec6bb705dfb80f5ceec6d,734
    pantry-tree:
      size: 253
      sha256: 9d808745137f37f3fd2731d2c8a9fd2e49ee22349f4628165309088b43f62850
  original:
    hackage: simple-smt-0.8
snapshots:
- completed:
    size: 509471
    url: https://raw.githubusercontent.com/commercialhaskell/stackage-snapshots/master/lts/12/26.yaml
    sha256: 95f014df58d0679b1c4a2b7bf2b652b61da8d30de5f571abb0d59015ef678646
  original: lts-12.26
